
Microsoft Visual Studio Solution File, Format Version 12.00
# Visual Studio 2013
VisualStudioVersion = 12.0.31101.0
MinimumVisualStudioVersion = 10.0.40219.1
Project("{FAE04EC0-301F-11D3-BF4B-00C04F79EFBC}") = "Kangaroo", "Kangaroo\Kangaroo.csproj", "{B9B71DA0-E6F8-4CBA-821B-77DA8C939646}"
EndProject
Project("{FAE04EC0-301F-11D3-BF4B-00C04F79EFBC}") = "Kangaroo.Tests", "Kangaroo.Tests\Kangaroo.Tests.csproj", "{8E0C0190-0171-472F-A95D-B89BD5E5E903}"
EndProject
Global
	GlobalSection(SolutionConfigurationPlatforms) = preSolution
		Debug|Any CPU = Debug|Any CPU
		Release|Any CPU = Release|Any CPU
	EndGlobalSection
	GlobalSection(ProjectConfigurationPlatforms) = postSolution
		{B9B71DA0-E6F8-4CBA-821B-77DA8C939646}.Debug|Any CPU.ActiveCfg = Debug|Any CPU
		{B9B71DA0-E6F8-4CBA-821B-77DA8C939646}.Debug|Any CPU.Build.0 = Debug|Any CPU
		{B9B71DA0-E6F8-4CBA-821B-77DA8C939646}.Release|Any CPU.ActiveCfg = Release|Any CPU
		{B9B71DA0-E6F8-4CBA-821B-77DA8C939646}.Release|Any CPU.Build.0 = Release|Any CPU
		{8E0C0190-0171-472F-A95D-B89BD5E5E903}.Debug|Any CPU.ActiveCfg = Debug|Any CPU
		{8E0C0190-0171-472F-A95D-B89BD5E5E903}.Debug|Any CPU.Build.0 = Debug|Any CPU
		{8E0C0190-0171-472F-A95D-B89BD5E5E903}.Release|Any CPU.ActiveCfg = Release|Any CPU
		{8E0C0190-0171-472F-A95D-B89BD5E5E903}.Release|Any CPU.Build.0 = Release|Any CPU
	EndGlobalSection
	GlobalSection(SolutionProperties) = preSolution
		HideSolutionNode = FALSE
	EndGlobalSection
EndGlobal
